
Microsoft Visual Studio Solution File, Format Version 12.00
# Visual Studio Version 16
VisualStudioVersion = 16.0.31829.152
MinimumVisualStudioVersion = 10.0.40219.1
Project("{FAE04EC0-301F-11D3-BF4B-00C04F79EFBC}") = "CarExpenses", "CarExpenses\CarExpenses.csproj", "{5789290D-F307-4FC6-B62D-94B075B93115}"
EndProject
Global
	GlobalSection(SolutionConfigurationPlatforms) = preSolution
		Debug|Any CPU = Debug|Any CPU
		Release|Any CPU = Release|Any CPU
	EndGlobalSection
	GlobalSection(ProjectConfigurationPlatforms) = postSolution
		{5789290D-F307-4FC6-B62D-94B075B93115}.Debug|Any CPU.ActiveCfg = Debug|Any CPU
		{5789290D-F307-4FC6-B62D-94B075B93115}.Debug|Any CPU.Build.0 = Debug|Any CPU
		{5789290D-F307-4FC6-B62D-94B075B93115}.Debug|Any CPU.Deploy.0 = Debug|Any CPU
		{5789290D-F307-4FC6-B62D-94B075B93115}.Release|Any CPU.ActiveCfg = Release|Any CPU
		{5789290D-F307-4FC6-B62D-94B075B93115}.Release|Any CPU.Build.0 = Release|Any CPU
		{5789290D-F307-4FC6-B62D-94B075B93115}.Release|Any CPU.Deploy.0 = Release|Any CPU
	EndGlobalSection
	GlobalSection(SolutionProperties) = preSolution
		HideSolutionNode = FALSE
	EndGlobalSection
	GlobalSection(ExtensibilityGlobals) = postSolution
		SolutionGuid = {4AD675C8-3792-41AA-B55F-9C0743018A8C}
	EndGlobalSection
EndGlobal
